{
  "lockfileVersion": 2,
  "configVersion": 1,
  "workspaces": {
    "": {
      "name": "fxdk-agent",
      "devDependencies": {
        "typescript": "^5.9.0",
      },
    },
    "packages/protocol": {
      "name": "@fxdk-agent/protocol",
      "version": "0.1.0",
    },
  },
  "packages": {
    "@fxdk-agent/protocol": ["@fxdk-agent/protocol@workspace:packages/protocol"],

    "typescript": ["typescript@5.9.3", "", { "bin": { "tsc": "bin/tsc", "tsserver": "bin/tsserver" } }, "sha512-jl1vZzPDinLr9eUt3J/t7V6FgNEw9QjvBPdysz9KfQDD41fQrC2Y4vKQdiaUpFT4bXlb1RHhLpp8wtm6M5TgSw=="],
  }
}
